
Microsoft Visual Studio Solution File, Format Version 12.00
# Visual Studio Version 17
VisualStudioVersion = 17.4.33110.190
MinimumVisualStudioVersion = 10.0.40219.1
Project("{FAE04EC0-301F-11D3-BF4B-00C04F79EFBC}") = "FastConfig", "FastConfig\FastConfig.csproj", "{90609D16-823F-48AA-BFF2-868CCD759B67}"
EndProject
Project("{FAE04EC0-301F-11D3-BF4B-00C04F79EFBC}") = "FastConfig.Example", "FastConfig.Example\FastConfig.Example.csproj", "{9A5D0A2D-EA3F-409A-9022-A707DD7EE812}"
EndProject
Global
	GlobalSection(SolutionConfigurationPlatforms) = preSolution
		Debug|Any CPU = Debug|Any CPU
		Release|Any CPU = Release|Any CPU
	EndGlobalSection
	GlobalSection(ProjectConfigurationPlatforms) = postSolution
		{90609D16-823F-48AA-BFF2-868CCD759B67}.Debug|Any CPU.ActiveCfg = Debug|Any CPU
		{90609D16-823F-48AA-BFF2-868CCD759B67}.Debug|Any CPU.Build.0 = Debug|Any CPU
		{90609D16-823F-48AA-BFF2-868CCD759B67}.Release|Any CPU.ActiveCfg = Release|Any CPU
		{90609D16-823F-48AA-BFF2-868CCD759B67}.Release|Any CPU.Build.0 = Release|Any CPU
		{9A5D0A2D-EA3F-409A-9022-A707DD7EE812}.Debug|Any CPU.ActiveCfg = Debug|Any CPU
		{9A5D0A2D-EA3F-409A-9022-A707DD7EE812}.Debug|Any CPU.Build.0 = Debug|Any CPU
		{9A5D0A2D-EA3F-409A-9022-A707DD7EE812}.Release|Any CPU.ActiveCfg = Release|Any CPU
		{9A5D0A2D-EA3F-409A-9022-A707DD7EE812}.Release|Any CPU.Build.0 = Release|Any CPU
	EndGlobalSection
	GlobalSection(SolutionProperties) = preSolution
		HideSolutionNode = FALSE
	EndGlobalSection
	GlobalSection(ExtensibilityGlobals) = postSolution
		SolutionGuid = {E5381A5E-5E15-442A-8F3B-C30F8035FBDC}
	EndGlobalSection
EndGlobal
